
Microsoft Visual Studio Solution File, Format Version 12.00
# Visual Studio Version 17
VisualStudioVersion = 17.4.33213.308
MinimumVisualStudioVersion = 10.0.40219.1
Project("{8BC9CEB8-8B4A-11D0-8D11-00A0C91BC942}") = "WinWindow", "WinWindow\WinWindow.vcxproj", "{27E18509-6464-4BD1-B5E7-16A8A6557575}"
EndProject
Project("{8BC9CEB8-8B4A-11D0-8D11-00A0C91BC942}") = "WinConsole", "WinConsole\WinConsole.vcxproj", "{9DA7B335-7393-407F-895E-4788FCD0CCE1}"
EndProject
Project("{8BC9CEB8-8B4A-11D0-8D11-00A0C91BC942}") = "StaticLib", "StaticLib\StaticLib.vcxproj", "{456574FC-238A-415C-BB73-CBFCE03EEB3B}"
EndProject
Project("{8BC9CEB8-8B4A-11D0-8D11-00A0C91BC942}") = "WinDll", "WinDll\WinDll.vcxproj", "{3CFC6982-7E08-45FA-A664-E2182D837F6F}"
EndProject
Project("{8BC9CEB8-8B4A-11D0-8D11-00A0C91BC942}") = "WinBase", "WinBase\WinBase.vcxproj", "{AE8CA3FC-64C6-4046-A614-9A8E5CF908DB}"
EndProject
Project("{8BC9CEB8-8B4A-11D0-8D11-00A0C91BC942}") = "winSys", "winSys\winSys.vcxproj", "{0661F094-7331-4BCF-BBCE-50A27BBE7A1E}"
EndProject
Project("{8BC9CEB8-8B4A-11D0-8D11-00A0C91BC942}") = "win32First", "win32First\win32First.vcxproj", "{645609FA-D7AE-4839-BF55-2F4FF002EC78}"
EndProject
Project("{8BC9CEB8-8B4A-11D0-8D11-00A0C91BC942}") = "Dialog", "Dialog\Dialog.vcxproj", "{192CE6B3-7D75-404D-B4E4-D5CFD17C5DA8}"
EndProject
Project("{8BC9CEB8-8B4A-11D0-8D11-00A0C91BC942}") = "读写ini文件", "读写ini文件\读写ini文件.vcxproj", "{7AAC50E5-4E7E-4D3C-A275-92BBDA4DC1F1}"
EndProject
Project("{8BC9CEB8-8B4A-11D0-8D11-00A0C91BC942}") = "cJson-demo", "cJson-demo\cJson-demo.vcxproj", "{EFBE2EFE-1934-4D76-85B7-D138341E62B6}"
EndProject
Project("{8BC9CEB8-8B4A-11D0-8D11-00A0C91BC942}") = "XML-demo", "XML-demo\XML-demo.vcxproj", "{318ECC73-1748-482F-81E7-DA1C9C541921}"
EndProject
Global
	GlobalSection(SolutionConfigurationPlatforms) = preSolution
		Debug|x64 = Debug|x64
		Debug|x86 = Debug|x86
		Release|x64 = Release|x64
		Release|x86 = Release|x86
	EndGlobalSection
	GlobalSection(ProjectConfigurationPlatforms) = postSolution
		{27E18509-6464-4BD1-B5E7-16A8A6557575}.Debug|x64.ActiveCfg = Debug|x64
		{27E18509-6464-4BD1-B5E7-16A8A6557575}.Debug|x64.Build.0 = Debug|x64
		{27E18509-6464-4BD1-B5E7-16A8A6557575}.Debug|x86.ActiveCfg = Debug|Win32
		{27E18509-6464-4BD1-B5E7-16A8A6557575}.Debug|x86.Build.0 = Debug|Win32
		{27E18509-6464-4BD1-B5E7-16A8A6557575}.Release|x64.ActiveCfg = Release|x64
		{27E18509-6464-4BD1-B5E7-16A8A6557575}.Release|x64.Build.0 = Release|x64
		{27E18509-6464-4BD1-B5E7-16A8A6557575}.Release|x86.ActiveCfg = Release|Win32
		{27E18509-6464-4BD1-B5E7-16A8A6557575}.Release|x86.Build.0 = Release|Win32
		{9DA7B335-7393-407F-895E-4788FCD0CCE1}.Debug|x64.ActiveCfg = Debug|x64
		{9DA7B335-7393-407F-895E-4788FCD0CCE1}.Debug|x64.Build.0 = Debug|x64
		{9DA7B335-7393-407F-895E-4788FCD0CCE1}.Debug|x86.ActiveCfg = Debug|Win32
		{9DA7B335-7393-407F-895E-4788FCD0CCE1}.Debug|x86.Build.0 = Debug|Win32
		{9DA7B335-7393-407F-895E-4788FCD0CCE1}.Release|x64.ActiveCfg = Release|x64
		{9DA7B335-7393-407F-895E-4788FCD0CCE1}.Release|x64.Build.0 = Release|x64
		{9DA7B335-7393-407F-895E-4788FCD0CCE1}.Release|x86.ActiveCfg = Release|Win32
		{9DA7B335-7393-407F-895E-4788FCD0CCE1}.Release|x86.Build.0 = Release|Win32
		{456574FC-238A-415C-BB73-CBFCE03EEB3B}.Debug|x64.ActiveCfg = Debug|x64
		{456574FC-238A-415C-BB73-CBFCE03EEB3B}.Debug|x64.Build.0 = Debug|x64
		{456574FC-238A-415C-BB73-CBFCE03EEB3B}.Debug|x86.ActiveCfg = Debug|Win32
		{456574FC-238A-415C-BB73-CBFCE03EEB3B}.Debug|x86.Build.0 = Debug|Win32
		{456574FC-238A-415C-BB73-CBFCE03EEB3B}.Release|x64.ActiveCfg = Release|x64
		{456574FC-238A-415C-BB73-CBFCE03EEB3B}.Release|x64.Build.0 = Release|x64
		{456574FC-238A-415C-BB73-CBFCE03EEB3B}.Release|x86.ActiveCfg = Release|Win32
		{456574FC-238A-415C-BB73-CBFCE03EEB3B}.Release|x86.Build.0 = Release|Win32
		{3CFC6982-7E08-45FA-A664-E2182D837F6F}.Debug|x64.ActiveCfg = Debug|x64
		{3CFC6982-7E08-45FA-A664-E2182D837F6F}.Debug|x64.Build.0 = Debug|x64
		{3CFC6982-7E08-45FA-A664-E2182D837F6F}.Debug|x86.ActiveCfg = Debug|Win32
		{3CFC6982-7E08-45FA-A664-E2182D837F6F}.Debug|x86.Build.0 = Debug|Win32
		{3CFC6982-7E08-45FA-A664-E2182D837F6F}.Release|x64.ActiveCfg = Release|x64
		{3CFC6982-7E08-45FA-A664-E2182D837F6F}.Release|x64.Build.0 = Release|x64
		{3CFC6982-7E08-45FA-A664-E2182D837F6F}.Release|x86.ActiveCfg = Release|Win32
		{3CFC6982-7E08-45FA-A664-E2182D837F6F}.Release|x86.Build.0 = Release|Win32
		{AE8CA3FC-64C6-4046-A614-9A8E5CF908DB}.Debug|x64.ActiveCfg = Debug|x64
		{AE8CA3FC-64C6-4046-A614-9A8E5CF908DB}.Debug|x64.Build.0 = Debug|x64
		{AE8CA3FC-64C6-4046-A614-9A8E5CF908DB}.Debug|x86.ActiveCfg = Debug|Win32
		{AE8CA3FC-64C6-4046-A614-9A8E5CF908DB}.Debug|x86.Build.0 = Debug|Win32
		{AE8CA3FC-64C6-4046-A614-9A8E5CF908DB}.Release|x64.ActiveCfg = Release|x64
		{AE8CA3FC-64C6-4046-A614-9A8E5CF908DB}.Release|x64.Build.0 = Release|x64
		{AE8CA3FC-64C6-4046-A614-9A8E5CF908DB}.Release|x86.ActiveCfg = Release|Win32
		{AE8CA3FC-64C6-4046-A614-9A8E5CF908DB}.Release|x86.Build.0 = Release|Win32
		{0661F094-7331-4BCF-BBCE-50A27BBE7A1E}.Debug|x64.ActiveCfg = Debug|x64
		{0661F094-7331-4BCF-BBCE-50A27BBE7A1E}.Debug|x64.Build.0 = Debug|x64
		{0661F094-7331-4BCF-BBCE-50A27BBE7A1E}.Debug|x86.ActiveCfg = Debug|Win32
		{0661F094-7331-4BCF-BBCE-50A27BBE7A1E}.Debug|x86.Build.0 = Debug|Win32
		{0661F094-7331-4BCF-BBCE-50A27BBE7A1E}.Release|x64.ActiveCfg = Release|x64
		{0661F094-7331-4BCF-BBCE-50A27BBE7A1E}.Release|x64.Build.0 = Release|x64
		{0661F094-7331-4BCF-BBCE-50A27BBE7A1E}.Release|x86.ActiveCfg = Release|Win32
		{0661F094-7331-4BCF-BBCE-50A27BBE7A1E}.Release|x86.Build.0 = Release|Win32
		{645609FA-D7AE-4839-BF55-2F4FF002EC78}.Debug|x64.ActiveCfg = Debug|x64
		{645609FA-D7AE-4839-BF55-2F4FF002EC78}.Debug|x64.Build.0 = Debug|x64
		{645609FA-D7AE-4839-BF55-2F4FF002EC78}.Debug|x86.ActiveCfg = Debug|Win32
		{645609FA-D7AE-4839-BF55-2F4FF002EC78}.Debug|x86.Build.0 = Debug|Win32
		{645609FA-D7AE-4839-BF55-2F4FF002EC78}.Release|x64.ActiveCfg = Release|x64
		{645609FA-D7AE-4839-BF55-2F4FF002EC78}.Release|x64.Build.0 = Release|x64
		{645609FA-D7AE-4839-BF55-2F4FF002EC78}.Release|x86.ActiveCfg = Release|Win32
		{645609FA-D7AE-4839-BF55-2F4FF002EC78}.Release|x86.Build.0 = Release|Win32
		{192CE6B3-7D75-404D-B4E4-D5CFD17C5DA8}.Debug|x64.ActiveCfg = Debug|Win32
		{192CE6B3-7D75-404D-B4E4-D5CFD17C5DA8}.Debug|x64.Build.0 = Debug|Win32
		{192CE6B3-7D75-404D-B4E4-D5CFD17C5DA8}.Debug|x86.ActiveCfg = Debug|Win32
		{192CE6B3-7D75-404D-B4E4-D5CFD17C5DA8}.Debug|x86.Build.0 = Debug|Win32
		{192CE6B3-7D75-404D-B4E4-D5CFD17C5DA8}.Release|x64.ActiveCfg = Release|x64
		{192CE6B3-7D75-404D-B4E4-D5CFD17C5DA8}.Release|x64.Build.0 = Release|x64
		{192CE6B3-7D75-404D-B4E4-D5CFD17C5DA8}.Release|x86.ActiveCfg = Release|Win32
		{192CE6B3-7D75-404D-B4E4-D5CFD17C5DA8}.Release|x86.Build.0 = Release|Win32
		{7AAC50E5-4E7E-4D3C-A275-92BBDA4DC1F1}.Debug|x64.ActiveCfg = Debug|x64
		{7AAC50E5-4E7E-4D3C-A275-92BBDA4DC1F1}.Debug|x64.Build.0 = Debug|x64
		{7AAC50E5-4E7E-4D3C-A275-92BBDA4DC1F1}.Debug|x86.ActiveCfg = Debug|Win32
		{7AAC50E5-4E7E-4D3C-A275-92BBDA4DC1F1}.Debug|x86.Build.0 = Debug|Win32
		{7AAC50E5-4E7E-4D3C-A275-92BBDA4DC1F1}.Release|x64.ActiveCfg = Release|x64
		{7AAC50E5-4E7E-4D3C-A275-92BBDA4DC1F1}.Release|x64.Build.0 = Release|x64
		{7AAC50E5-4E7E-4D3C-A275-92BBDA4DC1F1}.Release|x86.ActiveCfg = Release|Win32
		{7AAC50E5-4E7E-4D3C-A275-92BBDA4DC1F1}.Release|x86.Build.0 = Release|Win32
		{EFBE2EFE-1934-4D76-85B7-D138341E62B6}.Debug|x64.ActiveCfg = Debug|x64
		{EFBE2EFE-1934-4D76-85B7-D138341E62B6}.Debug|x64.Build.0 = Debug|x64
		{EFBE2EFE-1934-4D76-85B7-D138341E62B6}.Debug|x86.ActiveCfg = Debug|Win32
		{EFBE2EFE-1934-4D76-85B7-D138341E62B6}.Debug|x86.Build.0 = Debug|Win32
		{EFBE2EFE-1934-4D76-85B7-D138341E62B6}.Release|x64.ActiveCfg = Release|x64
		{EFBE2EFE-1934-4D76-85B7-D138341E62B6}.Release|x64.Build.0 = Release|x64
		{EFBE2EFE-1934-4D76-85B7-D138341E62B6}.Release|x86.ActiveCfg = Release|Win32
		{EFBE2EFE-1934-4D76-85B7-D138341E62B6}.Release|x86.Build.0 = Release|Win32
		{318ECC73-1748-482F-81E7-DA1C9C541921}.Debug|x64.ActiveCfg = Debug|x64
		{318ECC73-1748-482F-81E7-DA1C9C541921}.Debug|x64.Build.0 = Debug|x64
		{318ECC73-1748-482F-81E7-DA1C9C541921}.Debug|x86.ActiveCfg = Debug|Win32
		{318ECC73-1748-482F-81E7-DA1C9C541921}.Debug|x86.Build.0 = Debug|Win32
		{318ECC73-1748-482F-81E7-DA1C9C541921}.Release|x64.ActiveCfg = Release|x64
		{318ECC73-1748-482F-81E7-DA1C9C541921}.Release|x64.Build.0 = Release|x64
		{318ECC73-1748-482F-81E7-DA1C9C541921}.Release|x86.ActiveCfg = Release|Win32
		{318ECC73-1748-482F-81E7-DA1C9C541921}.Release|x86.Build.0 = Release|Win32
	EndGlobalSection
	GlobalSection(SolutionProperties) = preSolution
		HideSolutionNode = FALSE
	EndGlobalSection
	GlobalSection(ExtensibilityGlobals) = postSolution
		SolutionGuid = {3B7F36BA-089C-4DFB-AE10-DCC12498A7C8}
	EndGlobalSection
EndGlobal
